
Microsoft Visual Studio Solution File, Format Version 12.00
# Visual Studio Version 17
VisualStudioVersion = 17.0.31903.59
MinimumVisualStudioVersion = 10.0.40219.1
Project("{FAE04EC0-301F-11D3-BF4B-00C04F79EFBC}") = "RabbitMQProduct.WebApiApp", "RabbitMQProduct.WebApiApp\RabbitMQProduct.WebApiApp.csproj", "{54BF1CE1-DFFE-4A7D-8742-28B74ACB3847}"
EndProject
Project("{FAE04EC0-301F-11D3-BF4B-00C04F79EFBC}") = "RabbitMQProduct.ConsoleApp", "RabbitMQProduct.ConsoleApp\RabbitMQProduct.ConsoleApp.csproj", "{67681155-FA7D-44CF-82E3-5962540940F4}"
EndProject
Global
	GlobalSection(SolutionConfigurationPlatforms) = preSolution
		Debug|Any CPU = Debug|Any CPU
		Release|Any CPU = Release|Any CPU
	EndGlobalSection
	GlobalSection(SolutionProperties) = preSolution
		HideSolutionNode = FALSE
	EndGlobalSection
	GlobalSection(ProjectConfigurationPlatforms) = postSolution
		{54BF1CE1-DFFE-4A7D-8742-28B74ACB3847}.Debug|Any CPU.ActiveCfg = Debug|Any CPU
		{54BF1CE1-DFFE-4A7D-8742-28B74ACB3847}.Debug|Any CPU.Build.0 = Debug|Any CPU
		{54BF1CE1-DFFE-4A7D-8742-28B74ACB3847}.Release|Any CPU.ActiveCfg = Release|Any CPU
		{54BF1CE1-DFFE-4A7D-8742-28B74ACB3847}.Release|Any CPU.Build.0 = Release|Any CPU
		{67681155-FA7D-44CF-82E3-5962540940F4}.Debug|Any CPU.ActiveCfg = Debug|Any CPU
		{67681155-FA7D-44CF-82E3-5962540940F4}.Debug|Any CPU.Build.0 = Debug|Any CPU
		{67681155-FA7D-44CF-82E3-5962540940F4}.Release|Any CPU.ActiveCfg = Release|Any CPU
		{67681155-FA7D-44CF-82E3-5962540940F4}.Release|Any CPU.Build.0 = Release|Any CPU
	EndGlobalSection
EndGlobal
